
Microsoft Visual Studio Solution File, Format Version 12.00
# Visual Studio Version 17
VisualStudioVersion = 17.5.33627.172
MinimumVisualStudioVersion = 10.0.40219.1
Project("{FAE04EC0-301F-11D3-BF4B-00C04F79EFBC}") = "PM1", "PM1.csproj", "{C754A8CF-8556-430C-81BE-8D653AE70358}"
EndProject
Global
	GlobalSection(SolutionConfigurationPlatforms) = preSolution
		Debug|Any CPU = Debug|Any CPU
		Release|Any CPU = Release|Any CPU
	EndGlobalSection
	GlobalSection(ProjectConfigurationPlatforms) = postSolution
		{C754A8CF-8556-430C-81BE-8D653AE70358}.Debug|Any CPU.ActiveCfg = Debug|Any CPU
		{C754A8CF-8556-430C-81BE-8D653AE70358}.Debug|Any CPU.Build.0 = Debug|Any CPU
		{C754A8CF-8556-430C-81BE-8D653AE70358}.Release|Any CPU.ActiveCfg = Release|Any CPU
		{C754A8CF-8556-430C-81BE-8D653AE70358}.Release|Any CPU.Build.0 = Release|Any CPU
	EndGlobalSection
	GlobalSection(SolutionProperties) = preSolution
		HideSolutionNode = FALSE
	EndGlobalSection
	GlobalSection(ExtensibilityGlobals) = postSolution
		SolutionGuid = {552B4E42-6224-462A-B311-217107CD7AD8}
	EndGlobalSection
EndGlobal
